
Microsoft Visual Studio Solution File, Format Version 12.00
# Visual Studio Version 17
VisualStudioVersion = 17.0.32112.339
MinimumVisualStudioVersion = 10.0.40219.1
Project("{9A19103F-16F7-4668-BE54-9A1E7A4F7556}") = "GestionDeStock.Server", "Server\GestionDeStock.Server.csproj", "{FFE5FE7C-1369-4D0F-99FA-6EC0C1AFC246}"
EndProject
Project("{9A19103F-16F7-4668-BE54-9A1E7A4F7556}") = "GestionDeStock.Client", "Client\GestionDeStock.Client.csproj", "{3925081B-E5DC-48FF-B7FA-096C3B8B269D}"
EndProject
Project("{9A19103F-16F7-4668-BE54-9A1E7A4F7556}") = "GestionDeStock.Shared", "Shared\GestionDeStock.Shared.csproj", "{62B7CF3F-2037-48E7-918B-2ABABF819312}"
EndProject
Project("{9A19103F-16F7-4668-BE54-9A1E7A4F7556}") = "BDGestionDeStock", "BDGestionDeStock\BDGestionDeStock.csproj", "{D2DE85D5-0768-4F19-8855-A654C8848105}"
EndProject
Global
	GlobalSection(SolutionConfigurationPlatforms) = preSolution
		Debug|Any CPU = Debug|Any CPU
		Release|Any CPU = Release|Any CPU
	EndGlobalSection
	GlobalSection(ProjectConfigurationPlatforms) = postSolution
		{FFE5FE7C-1369-4D0F-99FA-6EC0C1AFC246}.Debug|Any CPU.ActiveCfg = Debug|Any CPU
		{FFE5FE7C-1369-4D0F-99FA-6EC0C1AFC246}.Debug|Any CPU.Build.0 = Debug|Any CPU
		{FFE5FE7C-1369-4D0F-99FA-6EC0C1AFC246}.Release|Any CPU.ActiveCfg = Release|Any CPU
		{FFE5FE7C-1369-4D0F-99FA-6EC0C1AFC246}.Release|Any CPU.Build.0 = Release|Any CPU
		{3925081B-E5DC-48FF-B7FA-096C3B8B269D}.Debug|Any CPU.ActiveCfg = Debug|Any CPU
		{3925081B-E5DC-48FF-B7FA-096C3B8B269D}.Debug|Any CPU.Build.0 = Debug|Any CPU
		{3925081B-E5DC-48FF-B7FA-096C3B8B269D}.Release|Any CPU.ActiveCfg = Release|Any CPU
		{3925081B-E5DC-48FF-B7FA-096C3B8B269D}.Release|Any CPU.Build.0 = Release|Any CPU
		{62B7CF3F-2037-48E7-918B-2ABABF819312}.Debug|Any CPU.ActiveCfg = Debug|Any CPU
		{62B7CF3F-2037-48E7-918B-2ABABF819312}.Debug|Any CPU.Build.0 = Debug|Any CPU
		{62B7CF3F-2037-48E7-918B-2ABABF819312}.Release|Any CPU.ActiveCfg = Release|Any CPU
		{62B7CF3F-2037-48E7-918B-2ABABF819312}.Release|Any CPU.Build.0 = Release|Any CPU
		{D2DE85D5-0768-4F19-8855-A654C8848105}.Debug|Any CPU.ActiveCfg = Debug|Any CPU
		{D2DE85D5-0768-4F19-8855-A654C8848105}.Debug|Any CPU.Build.0 = Debug|Any CPU
		{D2DE85D5-0768-4F19-8855-A654C8848105}.Release|Any CPU.ActiveCfg = Release|Any CPU
		{D2DE85D5-0768-4F19-8855-A654C8848105}.Release|Any CPU.Build.0 = Release|Any CPU
	EndGlobalSection
	GlobalSection(SolutionProperties) = preSolution
		HideSolutionNode = FALSE
	EndGlobalSection
	GlobalSection(ExtensibilityGlobals) = postSolution
		SolutionGuid = {A4869228-9AA7-4372-8D59-32EA91B59550}
	EndGlobalSection
EndGlobal
